
Microsoft Visual Studio Solution File, Format Version 12.00
# Visual Studio Version 17
VisualStudioVersion = 17.11.35219.272
MinimumVisualStudioVersion = 10.0.40219.1
Project("{9A19103F-16F7-4668-BE54-9A1E7A4F7556}") = "SimpleShop", "SimpleShop\SimpleShop\SimpleShop.csproj", "{33A04619-D018-47B8-8BFB-D29E4316D0AA}"
EndProject
Project("{9A19103F-16F7-4668-BE54-9A1E7A4F7556}") = "SimpleShop.Client", "SimpleShop\SimpleShop.Client\SimpleShop.Client.csproj", "{650C625E-7FF9-45B7-B773-666FDD12E58E}"
EndProject
Project("{9A19103F-16F7-4668-BE54-9A1E7A4F7556}") = "SimpleShop.Application", "SimpleShop.Application\SimpleShop.Application.csproj", "{FF101335-FF99-4A95-B65A-70568914ECC4}"
EndProject
Project("{9A19103F-16F7-4668-BE54-9A1E7A4F7556}") = "SimpleShop.Domain", "SimpleShop.Domain\SimpleShop.Domain.csproj", "{5289F8C1-5394-4013-A55A-03F686186BFF}"
EndProject
Project("{9A19103F-16F7-4668-BE54-9A1E7A4F7556}") = "SimpleShop.Infrastructure", "SimpleShop.Infrastructure\SimpleShop.Infrastructure.csproj", "{D700EE5F-9EF0-4471-83E0-578F198E67A4}"
EndProject
Project("{9A19103F-16F7-4668-BE54-9A1E7A4F7556}") = "SimpleShop.Shared", "SimpleShop.Shared\SimpleShop.Shared.csproj", "{70A5F220-CF7D-425E-8C23-B0A99871114A}"
EndProject
Project("{9A19103F-16F7-4668-BE54-9A1E7A4F7556}") = "SimpleShop.WebApi", "SimpleShop.WebApi\SimpleShop.WebApi.csproj", "{C1BEE755-1292-4D23-8536-3F1A8AE45661}"
EndProject
Global
	GlobalSection(SolutionConfigurationPlatforms) = preSolution
		Debug|Any CPU = Debug|Any CPU
		Release|Any CPU = Release|Any CPU
	EndGlobalSection
	GlobalSection(ProjectConfigurationPlatforms) = postSolution
		{33A04619-D018-47B8-8BFB-D29E4316D0AA}.Debug|Any CPU.ActiveCfg = Debug|Any CPU
		{33A04619-D018-47B8-8BFB-D29E4316D0AA}.Debug|Any CPU.Build.0 = Debug|Any CPU
		{33A04619-D018-47B8-8BFB-D29E4316D0AA}.Release|Any CPU.ActiveCfg = Release|Any CPU
		{33A04619-D018-47B8-8BFB-D29E4316D0AA}.Release|Any CPU.Build.0 = Release|Any CPU
		{650C625E-7FF9-45B7-B773-666FDD12E58E}.Debug|Any CPU.ActiveCfg = Debug|Any CPU
		{650C625E-7FF9-45B7-B773-666FDD12E58E}.Debug|Any CPU.Build.0 = Debug|Any CPU
		{650C625E-7FF9-45B7-B773-666FDD12E58E}.Release|Any CPU.ActiveCfg = Release|Any CPU
		{650C625E-7FF9-45B7-B773-666FDD12E58E}.Release|Any CPU.Build.0 = Release|Any CPU
		{FF101335-FF99-4A95-B65A-70568914ECC4}.Debug|Any CPU.ActiveCfg = Debug|Any CPU
		{FF101335-FF99-4A95-B65A-70568914ECC4}.Debug|Any CPU.Build.0 = Debug|Any CPU
		{FF101335-FF99-4A95-B65A-70568914ECC4}.Release|Any CPU.ActiveCfg = Release|Any CPU
		{FF101335-FF99-4A95-B65A-70568914ECC4}.Release|Any CPU.Build.0 = Release|Any CPU
		{5289F8C1-5394-4013-A55A-03F686186BFF}.Debug|Any CPU.ActiveCfg = Debug|Any CPU
		{5289F8C1-5394-4013-A55A-03F686186BFF}.Debug|Any CPU.Build.0 = Debug|Any CPU
		{5289F8C1-5394-4013-A55A-03F686186BFF}.Release|Any CPU.ActiveCfg = Release|Any CPU
		{5289F8C1-5394-4013-A55A-03F686186BFF}.Release|Any CPU.Build.0 = Release|Any CPU
		{D700EE5F-9EF0-4471-83E0-578F198E67A4}.Debug|Any CPU.ActiveCfg = Debug|Any CPU
		{D700EE5F-9EF0-4471-83E0-578F198E67A4}.Debug|Any CPU.Build.0 = Debug|Any CPU
		{D700EE5F-9EF0-4471-83E0-578F198E67A4}.Release|Any CPU.ActiveCfg = Release|Any CPU
		{D700EE5F-9EF0-4471-83E0-578F198E67A4}.Release|Any CPU.Build.0 = Release|Any CPU
		{70A5F220-CF7D-425E-8C23-B0A99871114A}.Debug|Any CPU.ActiveCfg = Debug|Any CPU
		{70A5F220-CF7D-425E-8C23-B0A99871114A}.Debug|Any CPU.Build.0 = Debug|Any CPU
		{70A5F220-CF7D-425E-8C23-B0A99871114A}.Release|Any CPU.ActiveCfg = Release|Any CPU
		{70A5F220-CF7D-425E-8C23-B0A99871114A}.Release|Any CPU.Build.0 = Release|Any CPU
		{C1BEE755-1292-4D23-8536-3F1A8AE45661}.Debug|Any CPU.ActiveCfg = Debug|Any CPU
		{C1BEE755-1292-4D23-8536-3F1A8AE45661}.Debug|Any CPU.Build.0 = Debug|Any CPU
		{C1BEE755-1292-4D23-8536-3F1A8AE45661}.Release|Any CPU.ActiveCfg = Release|Any CPU
		{C1BEE755-1292-4D23-8536-3F1A8AE45661}.Release|Any CPU.Build.0 = Release|Any CPU
	EndGlobalSection
	GlobalSection(SolutionProperties) = preSolution
		HideSolutionNode = FALSE
	EndGlobalSection
	GlobalSection(ExtensibilityGlobals) = postSolution
		SolutionGuid = {F7C9A89E-2BEF-4D80-BF1D-DCD791DCC2D7}
	EndGlobalSection
EndGlobal
